
Microsoft Visual Studio Solution File, Format Version 12.00
# Visual Studio Version 16
VisualStudioVersion = 16.0.29503.13
MinimumVisualStudioVersion = 10.0.40219.1
Project("{FAE04EC0-301F-11D3-BF4B-00C04F79EFBC}") = "perSONA", "perSONA\perSONA.csproj", "{5367335C-1379-40F5-84BE-1B7A8D750CEF}"
EndProject
Project("{840C416C-B8F3-42BC-B0DD-F6BB14C9F8CB}") = "personaInstallerV2", "personaInstallerV2\personaInstallerV2.aiproj", "{9CA69616-6F84-4D7B-A885-4A1546C65479}"
EndProject
Global
	GlobalSection(SolutionConfigurationPlatforms) = preSolution
		All|x64 = All|x64
		Release|x64 = Release|x64
	EndGlobalSection
	GlobalSection(ProjectConfigurationPlatforms) = postSolution
		{5367335C-1379-40F5-84BE-1B7A8D750CEF}.All|x64.ActiveCfg = Debug|x64
		{5367335C-1379-40F5-84BE-1B7A8D750CEF}.All|x64.Build.0 = Debug|x64
		{5367335C-1379-40F5-84BE-1B7A8D750CEF}.Release|x64.ActiveCfg = Release|x64
		{5367335C-1379-40F5-84BE-1B7A8D750CEF}.Release|x64.Build.0 = Release|x64
		{9CA69616-6F84-4D7B-A885-4A1546C65479}.All|x64.ActiveCfg = DefaultBuild
		{9CA69616-6F84-4D7B-A885-4A1546C65479}.All|x64.Build.0 = DefaultBuild
		{9CA69616-6F84-4D7B-A885-4A1546C65479}.Release|x64.ActiveCfg = DefaultBuild
		{9CA69616-6F84-4D7B-A885-4A1546C65479}.Release|x64.Build.0 = DefaultBuild
	EndGlobalSection
	GlobalSection(SolutionProperties) = preSolution
		HideSolutionNode = FALSE
	EndGlobalSection
	GlobalSection(ExtensibilityGlobals) = postSolution
		SolutionGuid = {E99A385D-F6FC-43F7-BF55-A9099EEE93F4}
	EndGlobalSection
EndGlobal
